
Microsoft Visual Studio Solution File, Format Version 12.00
# Visual Studio Version 17
VisualStudioVersion = 17.4.33110.190
MinimumVisualStudioVersion = 10.0.40219.1
Project("{FAE04EC0-301F-11D3-BF4B-00C04F79EFBC}") = "Delegate", "Delegate\Delegate.csproj", "{66BC2326-2E49-4FFE-AF97-EE3E970E60F4}"
EndProject
Project("{FAE04EC0-301F-11D3-BF4B-00C04F79EFBC}") = "DelegateTesting", "Delegate\DelegateTesting\DelegateTesting.csproj", "{B144DDD3-4CD0-4695-AB17-73E2AB377AD8}"
EndProject
Global
	GlobalSection(SolutionConfigurationPlatforms) = preSolution
		Debug|Any CPU = Debug|Any CPU
		Release|Any CPU = Release|Any CPU
	EndGlobalSection
	GlobalSection(ProjectConfigurationPlatforms) = postSolution
		{66BC2326-2E49-4FFE-AF97-EE3E970E60F4}.Debug|Any CPU.ActiveCfg = Debug|Any CPU
		{66BC2326-2E49-4FFE-AF97-EE3E970E60F4}.Debug|Any CPU.Build.0 = Debug|Any CPU
		{66BC2326-2E49-4FFE-AF97-EE3E970E60F4}.Release|Any CPU.ActiveCfg = Release|Any CPU
		{66BC2326-2E49-4FFE-AF97-EE3E970E60F4}.Release|Any CPU.Build.0 = Release|Any CPU
		{B144DDD3-4CD0-4695-AB17-73E2AB377AD8}.Debug|Any CPU.ActiveCfg = Debug|Any CPU
		{B144DDD3-4CD0-4695-AB17-73E2AB377AD8}.Debug|Any CPU.Build.0 = Debug|Any CPU
		{B144DDD3-4CD0-4695-AB17-73E2AB377AD8}.Release|Any CPU.ActiveCfg = Release|Any CPU
		{B144DDD3-4CD0-4695-AB17-73E2AB377AD8}.Release|Any CPU.Build.0 = Release|Any CPU
	EndGlobalSection
	GlobalSection(SolutionProperties) = preSolution
		HideSolutionNode = FALSE
	EndGlobalSection
	GlobalSection(ExtensibilityGlobals) = postSolution
		SolutionGuid = {464FB01F-9167-4ADC-B768-2197737C1161}
	EndGlobalSection
EndGlobal
